
Microsoft Visual Studio Solution File, Format Version 12.00
# Visual Studio Version 16
VisualStudioVersion = 16.0.29209.62
MinimumVisualStudioVersion = 10.0.40219.1
Project("{FAE04EC0-301F-11D3-BF4B-00C04F79EFBC}") = "BTProgressHUD", "BTProgressHUD\BTProgressHUD.csproj", "{8ECDFDC5-42D0-4540-9691-830EEB2ED874}"
EndProject
Project("{2150E333-8FDC-42A3-9474-1A3956D46DE8}") = "SolutionItems", "SolutionItems", "{519BA8F9-8A37-4096-BCCB-A66EE0DAA697}"
	ProjectSection(SolutionItems) = preProject
		Directory.build.props = Directory.build.props
		Directory.build.targets = Directory.build.targets
		global.json = global.json
		README.md = README.md
	EndProjectSection
EndProject
Project("{2150E333-8FDC-42A3-9474-1A3956D46DE8}") = "build", "build", "{CCCB766D-95A7-4FCE-81BE-F9A8F1B3589B}"
	ProjectSection(SolutionItems) = preProject
		.github\workflows\build.yml = .github\workflows\build.yml
		.github\workflows\release-nuget.yml = .github\workflows\release-nuget.yml
		build.cake = build.cake
	EndProjectSection
EndProject
Project("{FAE04EC0-301F-11D3-BF4B-00C04F79EFBC}") = "BTProgressHUDDemo", "BTProgressHUDDemo\BTProgressHUDDemo.csproj", "{E8BFFAAB-E4E7-4FD2-9B48-AC708EA2F38B}"
EndProject
Global
	GlobalSection(SolutionConfigurationPlatforms) = preSolution
		Ad-Hoc|iPhone = Ad-Hoc|iPhone
		Ad-Hoc|iPhoneSimulator = Ad-Hoc|iPhoneSimulator
		AppStore|iPhone = AppStore|iPhone
		AppStore|iPhoneSimulator = AppStore|iPhoneSimulator
		Debug|iPhone = Debug|iPhone
		Debug|iPhoneSimulator = Debug|iPhoneSimulator
		Release|iPhone = Release|iPhone
		Release|iPhoneSimulator = Release|iPhoneSimulator
	EndGlobalSection
	GlobalSection(ProjectConfigurationPlatforms) = postSolution
		{8ECDFDC5-42D0-4540-9691-830EEB2ED874}.Ad-Hoc|iPhone.ActiveCfg = Release|Any CPU
		{8ECDFDC5-42D0-4540-9691-830EEB2ED874}.Ad-Hoc|iPhone.Build.0 = Release|Any CPU
		{8ECDFDC5-42D0-4540-9691-830EEB2ED874}.Ad-Hoc|iPhoneSimulator.ActiveCfg = Debug|Any CPU
		{8ECDFDC5-42D0-4540-9691-830EEB2ED874}.AppStore|iPhone.ActiveCfg = Release|Any CPU
		{8ECDFDC5-42D0-4540-9691-830EEB2ED874}.AppStore|iPhone.Build.0 = Release|Any CPU
		{8ECDFDC5-42D0-4540-9691-830EEB2ED874}.AppStore|iPhoneSimulator.ActiveCfg = Debug|Any CPU
		{8ECDFDC5-42D0-4540-9691-830EEB2ED874}.Debug|iPhone.ActiveCfg = Debug|Any CPU
		{8ECDFDC5-42D0-4540-9691-830EEB2ED874}.Debug|iPhone.Build.0 = Debug|Any CPU
		{8ECDFDC5-42D0-4540-9691-830EEB2ED874}.Debug|iPhoneSimulator.ActiveCfg = Debug|Any CPU
		{8ECDFDC5-42D0-4540-9691-830EEB2ED874}.Debug|iPhoneSimulator.Build.0 = Debug|Any CPU
		{8ECDFDC5-42D0-4540-9691-830EEB2ED874}.Release|iPhone.ActiveCfg = Release|Any CPU
		{8ECDFDC5-42D0-4540-9691-830EEB2ED874}.Release|iPhone.Build.0 = Release|Any CPU
		{8ECDFDC5-42D0-4540-9691-830EEB2ED874}.Release|iPhoneSimulator.ActiveCfg = Release|Any CPU
		{8ECDFDC5-42D0-4540-9691-830EEB2ED874}.Release|iPhoneSimulator.Build.0 = Release|Any CPU
		{E8BFFAAB-E4E7-4FD2-9B48-AC708EA2F38B}.Ad-Hoc|iPhone.ActiveCfg = Debug|Any CPU
		{E8BFFAAB-E4E7-4FD2-9B48-AC708EA2F38B}.Ad-Hoc|iPhone.Build.0 = Debug|Any CPU
		{E8BFFAAB-E4E7-4FD2-9B48-AC708EA2F38B}.Ad-Hoc|iPhoneSimulator.ActiveCfg = Debug|Any CPU
		{E8BFFAAB-E4E7-4FD2-9B48-AC708EA2F38B}.Ad-Hoc|iPhoneSimulator.Build.0 = Debug|Any CPU
		{E8BFFAAB-E4E7-4FD2-9B48-AC708EA2F38B}.AppStore|iPhone.ActiveCfg = Debug|Any CPU
		{E8BFFAAB-E4E7-4FD2-9B48-AC708EA2F38B}.AppStore|iPhone.Build.0 = Debug|Any CPU
		{E8BFFAAB-E4E7-4FD2-9B48-AC708EA2F38B}.AppStore|iPhoneSimulator.ActiveCfg = Debug|Any CPU
		{E8BFFAAB-E4E7-4FD2-9B48-AC708EA2F38B}.AppStore|iPhoneSimulator.Build.0 = Debug|Any CPU
		{E8BFFAAB-E4E7-4FD2-9B48-AC708EA2F38B}.Debug|iPhone.ActiveCfg = Debug|Any CPU
		{E8BFFAAB-E4E7-4FD2-9B48-AC708EA2F38B}.Debug|iPhone.Build.0 = Debug|Any CPU
		{E8BFFAAB-E4E7-4FD2-9B48-AC708EA2F38B}.Debug|iPhoneSimulator.ActiveCfg = Debug|Any CPU
		{E8BFFAAB-E4E7-4FD2-9B48-AC708EA2F38B}.Debug|iPhoneSimulator.Build.0 = Debug|Any CPU
		{E8BFFAAB-E4E7-4FD2-9B48-AC708EA2F38B}.Release|iPhone.ActiveCfg = Release|Any CPU
		{E8BFFAAB-E4E7-4FD2-9B48-AC708EA2F38B}.Release|iPhone.Build.0 = Release|Any CPU
		{E8BFFAAB-E4E7-4FD2-9B48-AC708EA2F38B}.Release|iPhoneSimulator.ActiveCfg = Release|Any CPU
		{E8BFFAAB-E4E7-4FD2-9B48-AC708EA2F38B}.Release|iPhoneSimulator.Build.0 = Release|Any CPU
	EndGlobalSection
	GlobalSection(SolutionProperties) = preSolution
		HideSolutionNode = FALSE
	EndGlobalSection
	GlobalSection(ExtensibilityGlobals) = postSolution
		SolutionGuid = {FF80CC4C-1CE6-457A-BA02-04A7F403B8A3}
	EndGlobalSection
	GlobalSection(NestedProjects) = preSolution
		{CCCB766D-95A7-4FCE-81BE-F9A8F1B3589B} = {519BA8F9-8A37-4096-BCCB-A66EE0DAA697}
	EndGlobalSection
EndGlobal
